{
  "nodes": {
    "kernel": {
      "flake": false,
      "locked": {
        "lastModified": 1725176762,
        "narHash": "sha256-NpZ1gNA18M1iWEowRnIAIBatq+LI17Npv1G3SVQznZY=",
        "ref": "refs/heads/master",
        "rev": "8e7c1c539395e34648d859c20b0f9478eb5901cc",
        "revCount": 1296133,
        "type": "git",
        "url": "https://git.kernel.org/pub/scm/linux/kernel/git/torvalds/linux.git"
      },
      "original": {
        "rev": "8e7c1c539395e34648d859c20b0f9478eb5901cc",
        "type": "git",
        "url": "https://git.kernel.org/pub/scm/linux/kernel/git/torvalds/linux.git"
      }
    },
    "nixpkgs": {
      "locked": {
        "lastModified": 1725432240,
        "narHash": "sha256-+yj+xgsfZaErbfYM3T+QvEE2hU7UuE+Jf0fJCJ8uPS0=",
        "owner": "NixOS",
        "repo": "nixpkgs",
        "rev": "ad416d066ca1222956472ab7d0555a6946746a80",
        "type": "github"
      },
      "original": {
        "owner": "NixOS",
        "ref": "nixos-unstable",
        "repo": "nixpkgs",
        "type": "github"
      }
    },
    "root": {
      "inputs": {
        "kernel": "kernel",
        "nixpkgs": "nixpkgs"
      }
    }
  },
  "root": "root",
  "version": 7
}
