{
  "nodes": {
    "kernel": {
      "flake": false,
      "locked": {
        "lastModified": 1727647579,
        "narHash": "sha256-olfaNFVQD9qyF/5I0ynv2xa0zxQag/4jyLvZt5nc/Js=",
        "ref": "refs/heads/master",
        "rev": "03dc72319cee7d0dfefee9ae7041b67732f6b8cd",
        "revCount": 1308764,
        "type": "git",
        "url": "https://git.kernel.org/pub/scm/linux/kernel/git/torvalds/linux.git"
      },
      "original": {
        "rev": "03dc72319cee7d0dfefee9ae7041b67732f6b8cd",
        "type": "git",
        "url": "https://git.kernel.org/pub/scm/linux/kernel/git/torvalds/linux.git"
      }
    },
    "nixpkgs": {
      "locked": {
        "lastModified": 1727634051,
        "narHash": "sha256-S5kVU7U82LfpEukbn/ihcyNt2+EvG7Z5unsKW9H/yFA=",
        "owner": "NixOS",
        "repo": "nixpkgs",
        "rev": "06cf0e1da4208d3766d898b7fdab6513366d45b9",
        "type": "github"
      },
      "original": {
        "owner": "NixOS",
        "ref": "nixos-unstable",
        "repo": "nixpkgs",
        "type": "github"
      }
    },
    "root": {
      "inputs": {
        "kernel": "kernel",
        "nixpkgs": "nixpkgs"
      }
    }
  },
  "root": "root",
  "version": 7
}
