{
  "nodes": {
    "kernel": {
      "flake": false,
      "locked": {
        "lastModified": 1726412276,
        "narHash": "sha256-QIbHTLWI5CaStQmuoJ1k7odQUDRLsWNGY10ek0eKo8M=",
        "ref": "refs/heads/master",
        "rev": "fa7818b3a6dd56c7956f515d287ed9f80c7bf59a",
        "revCount": 1296649,
        "type": "git",
        "url": "https://git.kernel.org/pub/scm/linux/kernel/git/torvalds/linux.git"
      },
      "original": {
        "rev": "fa7818b3a6dd56c7956f515d287ed9f80c7bf59a",
        "type": "git",
        "url": "https://git.kernel.org/pub/scm/linux/kernel/git/torvalds/linux.git"
      }
    },
    "nixpkgs": {
      "locked": {
        "lastModified": 1726463316,
        "narHash": "sha256-gI9kkaH0ZjakJOKrdjaI/VbaMEo9qBbSUl93DnU7f4c=",
        "owner": "NixOS",
        "repo": "nixpkgs",
        "rev": "99dc8785f6a0adac95f5e2ab05cc2e1bf666d172",
        "type": "github"
      },
      "original": {
        "owner": "NixOS",
        "ref": "nixos-unstable",
        "repo": "nixpkgs",
        "type": "github"
      }
    },
    "root": {
      "inputs": {
        "kernel": "kernel",
        "nixpkgs": "nixpkgs"
      }
    }
  },
  "root": "root",
  "version": 7
}
